
Microsoft Visual Studio Solution File, Format Version 12.00
# Visual Studio Version 16
VisualStudioVersion = 16.0.31911.196
MinimumVisualStudioVersion = 10.0.40219.1
Project("{FAE04EC0-301F-11D3-BF4B-00C04F79EFBC}") = "PowerCutSchedule", "PowerCutSchedule\PowerCutSchedule.csproj", "{A54731B5-B769-4590-8E02-AE7F486F9006}"
EndProject
Global
	GlobalSection(SolutionConfigurationPlatforms) = preSolution
		Debug|Any CPU = Debug|Any CPU
		Release|Any CPU = Release|Any CPU
	EndGlobalSection
	GlobalSection(ProjectConfigurationPlatforms) = postSolution
		{A54731B5-B769-4590-8E02-AE7F486F9006}.Debug|Any CPU.ActiveCfg = Debug|Any CPU
		{A54731B5-B769-4590-8E02-AE7F486F9006}.Debug|Any CPU.Build.0 = Debug|Any CPU
		{A54731B5-B769-4590-8E02-AE7F486F9006}.Release|Any CPU.ActiveCfg = Release|Any CPU
		{A54731B5-B769-4590-8E02-AE7F486F9006}.Release|Any CPU.Build.0 = Release|Any CPU
	EndGlobalSection
	GlobalSection(SolutionProperties) = preSolution
		HideSolutionNode = FALSE
	EndGlobalSection
	GlobalSection(ExtensibilityGlobals) = postSolution
		SolutionGuid = {575A277F-082F-4BC1-8C5B-4B8334887CAD}
	EndGlobalSection
EndGlobal
